
Microsoft Visual Studio Solution File, Format Version 12.00
# Visual Studio 14
VisualStudioVersion = 14.0.25420.1
MinimumVisualStudioVersion = 10.0.40219.1
Project("{FAE04EC0-301F-11D3-BF4B-00C04F79EFBC}") = "TeamRocketProxy", "TeamRocketProxy\TeamRocketProxy.csproj", "{4FE0FA00-4116-4061-B19C-1A1A639E42EF}"
EndProject
Project("{FAE04EC0-301F-11D3-BF4B-00C04F79EFBC}") = "TeamRocketProxy.Integration", "TeamRocketProxy.Integration\TeamRocketProxy.Integration.csproj", "{9A0B4887-53C4-4651-B21D-14E0E8802683}"
EndProject
Global
	GlobalSection(SolutionConfigurationPlatforms) = preSolution
		Debug|Any CPU = Debug|Any CPU
		Release|Any CPU = Release|Any CPU
	EndGlobalSection
	GlobalSection(ProjectConfigurationPlatforms) = postSolution
		{4FE0FA00-4116-4061-B19C-1A1A639E42EF}.Debug|Any CPU.ActiveCfg = Debug|Any CPU
		{4FE0FA00-4116-4061-B19C-1A1A639E42EF}.Debug|Any CPU.Build.0 = Debug|Any CPU
		{4FE0FA00-4116-4061-B19C-1A1A639E42EF}.Release|Any CPU.ActiveCfg = Release|Any CPU
		{4FE0FA00-4116-4061-B19C-1A1A639E42EF}.Release|Any CPU.Build.0 = Release|Any CPU
		{9A0B4887-53C4-4651-B21D-14E0E8802683}.Debug|Any CPU.ActiveCfg = Debug|Any CPU
		{9A0B4887-53C4-4651-B21D-14E0E8802683}.Debug|Any CPU.Build.0 = Debug|Any CPU
		{9A0B4887-53C4-4651-B21D-14E0E8802683}.Release|Any CPU.ActiveCfg = Release|Any CPU
		{9A0B4887-53C4-4651-B21D-14E0E8802683}.Release|Any CPU.Build.0 = Release|Any CPU
	EndGlobalSection
	GlobalSection(SolutionProperties) = preSolution
		HideSolutionNode = FALSE
	EndGlobalSection
EndGlobal
